
Microsoft Visual Studio Solution File, Format Version 12.00
# Visual Studio Version 17
VisualStudioVersion = 17.3.32922.545
MinimumVisualStudioVersion = 10.0.40219.1
Project("{FAE04EC0-301F-11D3-BF4B-00C04F79EFBC}") = "TestGame", "TestGame\TestGame.csproj", "{8596FCBD-E44E-4804-BC24-0892A6112739}"
EndProject
Global
	GlobalSection(SolutionConfigurationPlatforms) = preSolution
		Debug|Any CPU = Debug|Any CPU
		Release|Any CPU = Release|Any CPU
	EndGlobalSection
	GlobalSection(ProjectConfigurationPlatforms) = postSolution
		{8596FCBD-E44E-4804-BC24-0892A6112739}.Debug|Any CPU.ActiveCfg = Debug|Any CPU
		{8596FCBD-E44E-4804-BC24-0892A6112739}.Debug|Any CPU.Build.0 = Debug|Any CPU
		{8596FCBD-E44E-4804-BC24-0892A6112739}.Release|Any CPU.ActiveCfg = Release|Any CPU
		{8596FCBD-E44E-4804-BC24-0892A6112739}.Release|Any CPU.Build.0 = Release|Any CPU
	EndGlobalSection
	GlobalSection(SolutionProperties) = preSolution
		HideSolutionNode = FALSE
	EndGlobalSection
	GlobalSection(ExtensibilityGlobals) = postSolution
		SolutionGuid = {1EB1886B-80D1-4216-993E-9ADA1D424E5B}
	EndGlobalSection
EndGlobal
